
Microsoft Visual Studio Solution File, Format Version 12.00
# Visual Studio 15
VisualStudioVersion = 15.0.28307.1259
MinimumVisualStudioVersion = 10.0.40219.1
Project("{2150E333-8FDC-42A3-9474-1A3956D46DE8}") = "Microservices", "Microservices", "{A9D136E5-1286-401E-B87F-486CA61F8DDA}"
EndProject
Project("{2150E333-8FDC-42A3-9474-1A3956D46DE8}") = "Domain", "Domain", "{351F3F42-201D-4CFE-B838-1B878DC96C68}"
EndProject
Project("{2150E333-8FDC-42A3-9474-1A3956D46DE8}") = "Infra.Bus", "Infra.Bus", "{155F4108-6F06-41DE-B352-98C5C96792B5}"
EndProject
Project("{2150E333-8FDC-42A3-9474-1A3956D46DE8}") = "Infra.IoC", "Infra.IoC", "{0C513101-371D-4B50-9751-CA5F41F90B38}"
EndProject
Project("{2150E333-8FDC-42A3-9474-1A3956D46DE8}") = "Presentation", "Presentation", "{480A4AAF-D745-4E90-A96F-37398C786A5C}"
EndProject
Project("{FAE04EC0-301F-11D3-BF4B-00C04F79EFBC}") = "MicroRabbit.Domain.Core", "MicroRabbit.Domain.Core\MicroRabbit.Domain.Core.csproj", "{3D490BDE-2F98-45FE-AED9-ACEE370F656C}"
EndProject
Project("{FAE04EC0-301F-11D3-BF4B-00C04F79EFBC}") = "MicroRabbit.Infra.Bus", "MicroRabbit.Infra.Bus\MicroRabbit.Infra.Bus.csproj", "{BD2CE702-F114-4699-A756-738F765897EB}"
EndProject
Global
	GlobalSection(SolutionConfigurationPlatforms) = preSolution
		Debug|Any CPU = Debug|Any CPU
		Release|Any CPU = Release|Any CPU
	EndGlobalSection
	GlobalSection(ProjectConfigurationPlatforms) = postSolution
		{3D490BDE-2F98-45FE-AED9-ACEE370F656C}.Debug|Any CPU.ActiveCfg = Debug|Any CPU
		{3D490BDE-2F98-45FE-AED9-ACEE370F656C}.Debug|Any CPU.Build.0 = Debug|Any CPU
		{3D490BDE-2F98-45FE-AED9-ACEE370F656C}.Release|Any CPU.ActiveCfg = Release|Any CPU
		{3D490BDE-2F98-45FE-AED9-ACEE370F656C}.Release|Any CPU.Build.0 = Release|Any CPU
		{BD2CE702-F114-4699-A756-738F765897EB}.Debug|Any CPU.ActiveCfg = Debug|Any CPU
		{BD2CE702-F114-4699-A756-738F765897EB}.Debug|Any CPU.Build.0 = Debug|Any CPU
		{BD2CE702-F114-4699-A756-738F765897EB}.Release|Any CPU.ActiveCfg = Release|Any CPU
		{BD2CE702-F114-4699-A756-738F765897EB}.Release|Any CPU.Build.0 = Release|Any CPU
	EndGlobalSection
	GlobalSection(SolutionProperties) = preSolution
		HideSolutionNode = FALSE
	EndGlobalSection
	GlobalSection(NestedProjects) = preSolution
		{3D490BDE-2F98-45FE-AED9-ACEE370F656C} = {351F3F42-201D-4CFE-B838-1B878DC96C68}
		{BD2CE702-F114-4699-A756-738F765897EB} = {155F4108-6F06-41DE-B352-98C5C96792B5}
	EndGlobalSection
	GlobalSection(ExtensibilityGlobals) = postSolution
		SolutionGuid = {CCE3D473-DA0C-4275-AA57-5A173A7A6F21}
	EndGlobalSection
EndGlobal
